
Microsoft Visual Studio Solution File, Format Version 12.00
# Visual Studio Version 17
VisualStudioVersion = 17.8.34309.116
MinimumVisualStudioVersion = 10.0.40219.1
Project("{9A19103F-16F7-4668-BE54-9A1E7A4F7556}") = "SE_Project", "SE_Project\SE_Project.csproj", "{1E009195-63A5-43F3-ADC3-73FE51D0FEBF}"
EndProject
Global
	GlobalSection(SolutionConfigurationPlatforms) = preSolution
		Debug|Any CPU = Debug|Any CPU
		Release|Any CPU = Release|Any CPU
	EndGlobalSection
	GlobalSection(ProjectConfigurationPlatforms) = postSolution
		{1E009195-63A5-43F3-ADC3-73FE51D0FEBF}.Debug|Any CPU.ActiveCfg = Debug|Any CPU
		{1E009195-63A5-43F3-ADC3-73FE51D0FEBF}.Debug|Any CPU.Build.0 = Debug|Any CPU
		{1E009195-63A5-43F3-ADC3-73FE51D0FEBF}.Release|Any CPU.ActiveCfg = Release|Any CPU
		{1E009195-63A5-43F3-ADC3-73FE51D0FEBF}.Release|Any CPU.Build.0 = Release|Any CPU
	EndGlobalSection
	GlobalSection(SolutionProperties) = preSolution
		HideSolutionNode = FALSE
	EndGlobalSection
	GlobalSection(ExtensibilityGlobals) = postSolution
		SolutionGuid = {7912B945-4B82-47E5-B9AB-6979734CF35A}
	EndGlobalSection
EndGlobal
